
Microsoft Visual Studio Solution File, Format Version 12.00
# Visual Studio 14
VisualStudioVersion = 14.0.23107.0
MinimumVisualStudioVersion = 10.0.40219.1
Project("{FAE04EC0-301F-11D3-BF4B-00C04F79EFBC}") = "SAPS", "SAPS\SAPS.csproj", "{0D18F443-9E22-4A51-8E0F-6C3D70F1CAE7}"
EndProject
Project("{FAE04EC0-301F-11D3-BF4B-00C04F79EFBC}") = "PruebasUnitarias", "PruebasUnitarias\PruebasUnitarias.csproj", "{1F469923-037A-4A28-AAD8-9C1CC2AD383F}"
EndProject
Global
	GlobalSection(SolutionConfigurationPlatforms) = preSolution
		Debug|Any CPU = Debug|Any CPU
		Release|Any CPU = Release|Any CPU
	EndGlobalSection
	GlobalSection(ProjectConfigurationPlatforms) = postSolution
		{0D18F443-9E22-4A51-8E0F-6C3D70F1CAE7}.Debug|Any CPU.ActiveCfg = Debug|Any CPU
		{0D18F443-9E22-4A51-8E0F-6C3D70F1CAE7}.Debug|Any CPU.Build.0 = Debug|Any CPU
		{0D18F443-9E22-4A51-8E0F-6C3D70F1CAE7}.Release|Any CPU.ActiveCfg = Release|Any CPU
		{0D18F443-9E22-4A51-8E0F-6C3D70F1CAE7}.Release|Any CPU.Build.0 = Release|Any CPU
		{1F469923-037A-4A28-AAD8-9C1CC2AD383F}.Debug|Any CPU.ActiveCfg = Debug|Any CPU
		{1F469923-037A-4A28-AAD8-9C1CC2AD383F}.Debug|Any CPU.Build.0 = Debug|Any CPU
		{1F469923-037A-4A28-AAD8-9C1CC2AD383F}.Release|Any CPU.ActiveCfg = Release|Any CPU
		{1F469923-037A-4A28-AAD8-9C1CC2AD383F}.Release|Any CPU.Build.0 = Release|Any CPU
	EndGlobalSection
	GlobalSection(SolutionProperties) = preSolution
		HideSolutionNode = FALSE
	EndGlobalSection
EndGlobal
